// !$*UTF8*$!
{
	archiveVersion = 1;
	classes = {
	};
	objectVersion = 50;
	objects = {

/* Begin PBXBuildFile section */
		02284AE522BAB46300625D3C /* AppDelegate.swift in Sources */ = {isa = PBXBuildFile; fileRef = 02284AE422BAB46300625D3C /* AppDelegate.swift */; };
		02284AE722BAB46300625D3C /* ViewController.swift in Sources */ = {isa = PBXBuildFile; fileRef = 02284AE622BAB46300625D3C /* ViewController.swift */; };
		02284AEA22BAB46300625D3C /* Main.storyboard in Resources */ = {isa = PBXBuildFile; fileRef = 02284AE822BAB46300625D3C /* Main.storyboard */; };
		02284AEC22BAB46600625D3C /* Assets.xcassets in Resources */ = {isa = PBXBuildFile; fileRef = 02284AEB22BAB46600625D3C /* Assets.xcassets */; };
		02284AEF22BAB46600625D3C /* LaunchScreen.storyboard in Resources */ = {isa = PBXBuildFile; fileRef = 02284AED22BAB46600625D3C /* LaunchScreen.storyboard */; };
		02284AFA22BAB46600625D3C /* CoreMotionReporterTests.swift in Sources */ = {isa = PBXBuildFile; fileRef = 02284AF922BAB46600625D3C /* CoreMotionReporterTests.swift */; };
		02284B0522BAB46600625D3C /* CoreMotionReporterUITests.swift in Sources */ = {isa = PBXBuildFile; fileRef = 02284B0422BAB46600625D3C /* CoreMotionReporterUITests.swift */; };
/* End PBXBuildFile section */

/* Begin PBXContainerItemProxy section */
		02284AF622BAB46600625D3C /* PBXContainerItemProxy */ = {
			isa = PBXContainerItemProxy;
			containerPortal = 02284AD922BAB46300625D3C /* Project object */;
			proxyType = 1;
			remoteGlobalIDString = 02284AE022BAB46300625D3C;
			remoteInfo = CoreMotionReporter;
		};
		02284B0122BAB46600625D3C /* PBXContainerItemProxy */ = {
			isa = PBXContainerItemProxy;
			containerPortal = 02284AD922BAB46300625D3C /* Project object */;
			proxyType = 1;
			remoteGlobalIDString = 02284AE022BAB46300625D3C;
			remoteInfo = CoreMotionReporter;
		};
/* End PBXContainerItemProxy section */

/* Begin PBXFileReference section */
		02284AE122BAB46300625D3C /* CoreMotionReporter.app */ = {isa = PBXFileReference; explicitFileType = wrapper.application; includeInIndex = 0; path = CoreMotionReporter.app; sourceTree = BUILT_PRODUCTS_DIR; };
		02284AE422BAB46300625D3C /* AppDelegate.swift */ = {isa = PBXFileReference; lastKnownFileType = sourcecode.swift; path = AppDelegate.swift; sourceTree = "<group>"; };
		02284AE622BAB46300625D3C /* ViewController.swift */ = {isa = PBXFileReference; lastKnownFileType = sourcecode.swift; path = ViewController.swift; sourceTree = "<group>"; };
		02284AE922BAB46300625D3C /* Base */ = {isa = PBXFileReference; lastKnownFileType = file.storyboard; name = Base; path = Base.lproj/Main.storyboard; sourceTree = "<group>"; };
		02284AEB22BAB46600625D3C /* Assets.xcassets */ = {isa = PBXFileReference; lastKnownFileType = folder.assetcatalog; path = Assets.xcassets; sourceTree = "<group>"; };
		02284AEE22BAB46600625D3C /* Base */ = {isa = PBXFileReference; lastKnownFileType = file.storyboard; name = Base; path = Base.lproj/LaunchScreen.storyboard; sourceTree = "<group>"; };
		02284AF022BAB46600625D3C /* Info.plist */ = {isa = PBXFileReference; lastKnownFileType = text.plist.xml; path = Info.plist; sourceTree = "<group>"; };
		02284AF522BAB46600625D3C /* CoreMotionReporterTests.xctest */ = {isa = PBXFileReference; explicitFileType = wrapper.cfbundle; includeInIndex = 0; path = CoreMotionReporterTests.xctest; sourceTree = BUILT_PRODUCTS_DIR; };
		02284AF922BAB46600625D3C /* CoreMotionReporterTests.swift */ = {isa = PBXFileReference; lastKnownFileType = sourcecode.swift; path = CoreMotionReporterTests.swift; sourceTree = "<group>"; };
		02284AFB22BAB46600625D3C /* Info.plist */ = {isa = PBXFileReference; lastKnownFileType = text.plist.xml; path = Info.plist; sourceTree = "<group>"; };
		02284B0022BAB46600625D3C /* CoreMotionReporterUITests.xctest */ = {isa = PBXFileReference; explicitFileType = wrapper.cfbundle; includeInIndex = 0; path = CoreMotionReporterUITests.xctest; sourceTree = BUILT_PRODUCTS_DIR; };
		02284B0422BAB46600625D3C /* CoreMotionReporterUITests.swift */ = {isa = PBXFileReference; lastKnownFileType = sourcecode.swift; path = CoreMotionReporterUITests.swift; sourceTree = "<group>"; };
		02284B0622BAB46600625D3C /* Info.plist */ = {isa = PBXFileReference; lastKnownFileType = text.plist.xml; path = Info.plist; sourceTree = "<group>"; };
/* End PBXFileReference section */

/* Begin PBXFrameworksBuildPhase section */
		02284ADE22BAB46300625D3C /* Frameworks */ = {
			isa = PBXFrameworksBuildPhase;
			buildActionMask = 2147483647;
			files = (
			);
			runOnlyForDeploymentPostprocessing = 0;
		};
		02284AF222BAB46600625D3C /* Frameworks */ = {
			isa = PBXFrameworksBuildPhase;
			buildActionMask = 2147483647;
			files = (
			);
			runOnlyForDeploymentPostprocessing = 0;
		};
		02284AFD22BAB46600625D3C /* Frameworks */ = {
			isa = PBXFrameworksBuildPhase;
			buildActionMask = 2147483647;
			files = (
			);
			runOnlyForDeploymentPostprocessing = 0;
		};
/* End PBXFrameworksBuildPhase section */

/* Begin PBXGroup section */
		02284AD822BAB46300625D3C = {
			isa = PBXGroup;
			children = (
				02284AE322BAB46300625D3C /* CoreMotionReporter */,
				02284AF822BAB46600625D3C /* CoreMotionReporterTests */,
				02284B0322BAB46600625D3C /* CoreMotionReporterUITests */,
				02284AE222BAB46300625D3C /* Products */,
			);
			sourceTree = "<group>";
		};
		02284AE222BAB46300625D3C /* Products */ = {
			isa = PBXGroup;
			children = (
				02284AE122BAB46300625D3C /* CoreMotionReporter.app */,
				02284AF522BAB46600625D3C /* CoreMotionReporterTests.xctest */,
				02284B0022BAB46600625D3C /* CoreMotionReporterUITests.xctest */,
			);
			name = Products;
			sourceTree = "<group>";
		};
		02284AE322BAB46300625D3C /* CoreMotionReporter */ = {
			isa = PBXGroup;
			children = (
				02284AE422BAB46300625D3C /* AppDelegate.swift */,
				02284AE622BAB46300625D3C /* ViewController.swift */,
				02284AE822BAB46300625D3C /* Main.storyboard */,
				02284AEB22BAB46600625D3C /* Assets.xcassets */,
				02284AED22BAB46600625D3C /* LaunchScreen.storyboard */,
				02284AF022BAB46600625D3C /* Info.plist */,
			);
			path = CoreMotionReporter;
			sourceTree = "<group>";
		};
		02284AF822BAB46600625D3C /* CoreMotionReporterTests */ = {
			isa = PBXGroup;
			children = (
				02284AF922BAB46600625D3C /* CoreMotionReporterTests.swift */,
				02284AFB22BAB46600625D3C /* Info.plist */,
			);
			path = CoreMotionReporterTests;
			sourceTree = "<group>";
		};
		02284B0322BAB46600625D3C /* CoreMotionReporterUITests */ = {
			isa = PBXGroup;
			children = (
				02284B0422BAB46600625D3C /* CoreMotionReporterUITests.swift */,
				02284B0622BAB46600625D3C /* Info.plist */,
			);
			path = CoreMotionReporterUITests;
			sourceTree = "<group>";
		};
/* End PBXGroup section */

/* Begin PBXNativeTarget section */
		02284AE022BAB46300625D3C /* CoreMotionReporter */ = {
			isa = PBXNativeTarget;
			buildConfigurationList = 02284B0922BAB46600625D3C /* Build configuration list for PBXNativeTarget "CoreMotionReporter" */;
			buildPhases = (
				02284ADD22BAB46300625D3C /* Sources */,
				02284ADE22BAB46300625D3C /* Frameworks */,
				02284ADF22BAB46300625D3C /* Resources */,
			);
			buildRules = (
			);
			dependencies = (
			);
			name = CoreMotionReporter;
			productName = CoreMotionReporter;
			productReference = 02284AE122BAB46300625D3C /* CoreMotionReporter.app */;
			productType = "com.apple.product-type.application";
		};
		02284AF422BAB46600625D3C /* CoreMotionReporterTests */ = {
			isa = PBXNativeTarget;
			buildConfigurationList = 02284B0C22BAB46600625D3C /* Build configuration list for PBXNativeTarget "CoreMotionReporterTests" */;
			buildPhases = (
				02284AF122BAB46600625D3C /* Sources */,
				02284AF222BAB46600625D3C /* Frameworks */,
				02284AF322BAB46600625D3C /* Resources */,
			);
			buildRules = (
			);
			dependencies = (
				02284AF722BAB46600625D3C /* PBXTargetDependency */,
			);
			name = CoreMotionReporterTests;
			productName = CoreMotionReporterTests;
			productReference = 02284AF522BAB46600625D3C /* CoreMotionReporterTests.xctest */;
			productType = "com.apple.product-type.bundle.unit-test";
		};
		02284AFF22BAB46600625D3C /* CoreMotionReporterUITests */ = {
			isa = PBXNativeTarget;
			buildConfigurationList = 02284B0F22BAB46600625D3C /* Build configuration list for PBXNativeTarget "CoreMotionReporterUITests" */;
			buildPhases = (
				02284AFC22BAB46600625D3C /* Sources */,
				02284AFD22BAB46600625D3C /* Frameworks */,
				02284AFE22BAB46600625D3C /* Resources */,
			);
			buildRules = (
			);
			dependencies = (
				02284B0222BAB46600625D3C /* PBXTargetDependency */,
			);
			name = CoreMotionReporterUITests;
			productName = CoreMotionReporterUITests;
			productReference = 02284B0022BAB46600625D3C /* CoreMotionReporterUITests.xctest */;
			productType = "com.apple.product-type.bundle.ui-testing";
		};
/* End PBXNativeTarget section */

/* Begin PBXProject section */
		02284AD922BAB46300625D3C /* Project object */ = {
			isa = PBXProject;
			attributes = {
				LastSwiftUpdateCheck = 1020;
				LastUpgradeCheck = 1020;
				ORGANIZATIONNAME = "Rob Williams";
				TargetAttributes = {
					02284AE022BAB46300625D3C = {
						CreatedOnToolsVersion = 10.2.1;
					};
					02284AF422BAB46600625D3C = {
						CreatedOnToolsVersion = 10.2.1;
						TestTargetID = 02284AE022BAB46300625D3C;
					};
					02284AFF22BAB46600625D3C = {
						CreatedOnToolsVersion = 10.2.1;
						TestTargetID = 02284AE022BAB46300625D3C;
					};
				};
			};
			buildConfigurationList = 02284ADC22BAB46300625D3C /* Build configuration list for PBXProject "CoreMotionReporter" */;
			compatibilityVersion = "Xcode 9.3";
			developmentRegion = en;
			hasScannedForEncodings = 0;
			knownRegions = (
				en,
				Base,
			);
			mainGroup = 02284AD822BAB46300625D3C;
			productRefGroup = 02284AE222BAB46300625D3C /* Products */;
			projectDirPath = "";
			projectRoot = "";
			targets = (
				02284AE022BAB46300625D3C /* CoreMotionReporter */,
				02284AF422BAB46600625D3C /* CoreMotionReporterTests */,
				02284AFF22BAB46600625D3C /* CoreMotionReporterUITests */,
			);
		};
/* End PBXProject section */

/* Begin PBXResourcesBuildPhase section */
		02284ADF22BAB46300625D3C /* Resources */ = {
			isa = PBXResourcesBuildPhase;
			buildActionMask = 2147483647;
			files = (
				02284AEF22BAB46600625D3C /* LaunchScreen.storyboard in Resources */,
				02284AEC22BAB46600625D3C /* Assets.xcassets in Resources */,
				02284AEA22BAB46300625D3C /* Main.storyboard in Resources */,
			);
			runOnlyForDeploymentPostprocessing = 0;
		};
		02284AF322BAB46600625D3C /* Resources */ = {
			isa = PBXResourcesBuildPhase;
			buildActionMask = 2147483647;
			files = (
			);
			runOnlyForDeploymentPostprocessing = 0;
		};
		02284AFE22BAB46600625D3C /* Resources */ = {
			isa = PBXResourcesBuildPhase;
			buildActionMask = 2147483647;
			files = (
			);
			runOnlyForDeploymentPostprocessing = 0;
		};
/* End PBXResourcesBuildPhase section */

/* Begin PBXSourcesBuildPhase section */
		02284ADD22BAB46300625D3C /* Sources */ = {
			isa = PBXSourcesBuildPhase;
			buildActionMask = 2147483647;
			files = (
				02284AE722BAB46300625D3C /* ViewController.swift in Sources */,
				02284AE522BAB46300625D3C /* AppDelegate.swift in Sources */,
			);
			runOnlyForDeploymentPostprocessing = 0;
		};
		02284AF122BAB46600625D3C /* Sources */ = {
			isa = PBXSourcesBuildPhase;
			buildActionMask = 2147483647;
			files = (
				02284AFA22BAB46600625D3C /* CoreMotionReporterTests.swift in Sources */,
			);
			runOnlyForDeploymentPostprocessing = 0;
		};
		02284AFC22BAB46600625D3C /* Sources */ = {
			isa = PBXSourcesBuildPhase;
			buildActionMask = 2147483647;
			files = (
				02284B0522BAB46600625D3C /* CoreMotionReporterUITests.swift in Sources */,
			);
			runOnlyForDeploymentPostprocessing = 0;
		};
/* End PBXSourcesBuildPhase section */

/* Begin PBXTargetDependency section */
		02284AF722BAB46600625D3C /* PBXTargetDependency */ = {
			isa = PBXTargetDependency;
			target = 02284AE022BAB46300625D3C /* CoreMotionReporter */;
			targetProxy = 02284AF622BAB46600625D3C /* PBXContainerItemProxy */;
		};
		02284B0222BAB46600625D3C /* PBXTargetDependency */ = {
			isa = PBXTargetDependency;
			target = 02284AE022BAB46300625D3C /* CoreMotionReporter */;
			targetProxy = 02284B0122BAB46600625D3C /* PBXContainerItemProxy */;
		};
/* End PBXTargetDependency section */

/* Begin PBXVariantGroup section */
		02284AE822BAB46300625D3C /* Main.storyboard */ = {
			isa = PBXVariantGroup;
			children = (
				02284AE922BAB46300625D3C /* Base */,
			);
			name = Main.storyboard;
			sourceTree = "<group>";
		};
		02284AED22BAB46600625D3C /* LaunchScreen.storyboard */ = {
			isa = PBXVariantGroup;
			children = (
				02284AEE22BAB46600625D3C /* Base */,
			);
			name = LaunchScreen.storyboard;
			sourceTree = "<group>";
		};
/* End PBXVariantGroup section */

/* Begin XCBuildConfiguration section */
		02284B0722BAB46600625D3C /* Debug */ = {
			isa = XCBuildConfiguration;
			buildSettings = {
				ALWAYS_SEARCH_USER_PATHS = NO;
				CLANG_ANALYZER_NONNULL = YES;
				CLANG_ANALYZER_NUMBER_OBJECT_CONVERSION = YES_AGGRESSIVE;
				CLANG_CXX_LANGUAGE_STANDARD = "gnu++14";
				CLANG_CXX_LIBRARY = "libc++";
				CLANG_ENABLE_MODULES = YES;
				CLANG_ENABLE_OBJC_ARC = YES;
				CLANG_ENABLE_OBJC_WEAK = YES;
				CLANG_WARN_BLOCK_CAPTURE_AUTORELEASING = YES;
				CLANG_WARN_BOOL_CONVERSION = YES;
				CLANG_WARN_COMMA = YES;
				CLANG_WARN_CONSTANT_CONVERSION = YES;
				CLANG_WARN_DEPRECATED_OBJC_IMPLEMENTATIONS = YES;
				CLANG_WARN_DIRECT_OBJC_ISA_USAGE = YES_ERROR;
				CLANG_WARN_DOCUMENTATION_COMMENTS = YES;
				CLANG_WARN_EMPTY_BODY = YES;
				CLANG_WARN_ENUM_CONVERSION = YES;
				CLANG_WARN_INFINITE_RECURSION = YES;
				CLANG_WARN_INT_CONVERSION = YES;
				CLANG_WARN_NON_LITERAL_NULL_CONVERSION = YES;
				CLANG_WARN_OBJC_IMPLICIT_RETAIN_SELF = YES;
				CLANG_WARN_OBJC_LITERAL_CONVERSION = YES;
				CLANG_WARN_OBJC_ROOT_CLASS = YES_ERROR;
				CLANG_WARN_RANGE_LOOP_ANALYSIS = YES;
				CLANG_WARN_STRICT_PROTOTYPES = YES;
				CLANG_WARN_SUSPICIOUS_MOVE = YES;
				CLANG_WARN_UNGUARDED_AVAILABILITY = YES_AGGRESSIVE;
				CLANG_WARN_UNREACHABLE_CODE = YES;
				CLANG_WARN__DUPLICATE_METHOD_MATCH = YES;
				CODE_SIGN_IDENTITY = "iPhone Developer";
				COPY_PHASE_STRIP = NO;
				DEBUG_INFORMATION_FORMAT = dwarf;
				ENABLE_STRICT_OBJC_MSGSEND = YES;
				ENABLE_TESTABILITY = YES;
				GCC_C_LANGUAGE_STANDARD = gnu11;
				GCC_DYNAMIC_NO_PIC = NO;
				GCC_NO_COMMON_BLOCKS = YES;
				GCC_OPTIMIZATION_LEVEL = 0;
				GCC_PREPROCESSOR_DEFINITIONS = (
					"DEBUG=1",
					"$(inherited)",
				);
				GCC_WARN_64_TO_32_BIT_CONVERSION = YES;
				GCC_WARN_ABOUT_RETURN_TYPE = YES_ERROR;
				GCC_WARN_UNDECLARED_SELECTOR = YES;
				GCC_WARN_UNINITIALIZED_AUTOS = YES_AGGRESSIVE;
				GCC_WARN_UNUSED_FUNCTION = YES;
				GCC_WARN_UNUSED_VARIABLE = YES;
				IPHONEOS_DEPLOYMENT_TARGET = 12.2;
				MTL_ENABLE_DEBUG_INFO = INCLUDE_SOURCE;
				MTL_FAST_MATH = YES;
				ONLY_ACTIVE_ARCH = YES;
				SDKROOT = iphoneos;
				SWIFT_ACTIVE_COMPILATION_CONDITIONS = DEBUG;
				SWIFT_OPTIMIZATION_LEVEL = "-Onone";
			};
			name = Debug;
		};
		02284B0822BAB46600625D3C /* Release */ = {
			isa = XCBuildConfiguration;
			buildSettings = {
				ALWAYS_SEARCH_USER_PATHS = NO;
				CLANG_ANALYZER_NONNULL = YES;
				CLANG_ANALYZER_NUMBER_OBJECT_CONVERSION = YES_AGGRESSIVE;
				CLANG_CXX_LANGUAGE_STANDARD = "gnu++14";
				CLANG_CXX_LIBRARY = "libc++";
				CLANG_ENABLE_MODULES = YES;
				CLANG_ENABLE_OBJC_ARC = YES;
				CLANG_ENABLE_OBJC_WEAK = YES;
				CLANG_WARN_BLOCK_CAPTURE_AUTORELEASING = YES;
				CLANG_WARN_BOOL_CONVERSION = YES;
				CLANG_WARN_COMMA = YES;
				CLANG_WARN_CONSTANT_CONVERSION = YES;
				CLANG_WARN_DEPRECATED_OBJC_IMPLEMENTATIONS = YES;
				CLANG_WARN_DIRECT_OBJC_ISA_USAGE = YES_ERROR;
				CLANG_WARN_DOCUMENTATION_COMMENTS = YES;
				CLANG_WARN_EMPTY_BODY = YES;
				CLANG_WARN_ENUM_CONVERSION = YES;
				CLANG_WARN_INFINITE_RECURSION = YES;
				CLANG_WARN_INT_CONVERSION = YES;
				CLANG_WARN_NON_LITERAL_NULL_CONVERSION = YES;
				CLANG_WARN_OBJC_IMPLICIT_RETAIN_SELF = YES;
				CLANG_WARN_OBJC_LITERAL_CONVERSION = YES;
				CLANG_WARN_OBJC_ROOT_CLASS = YES_ERROR;
				CLANG_WARN_RANGE_LOOP_ANALYSIS = YES;
				CLANG_WARN_STRICT_PROTOTYPES = YES;
				CLANG_WARN_SUSPICIOUS_MOVE = YES;
				CLANG_WARN_UNGUARDED_AVAILABILITY = YES_AGGRESSIVE;
				CLANG_WARN_UNREACHABLE_CODE = YES;
				CLANG_WARN__DUPLICATE_METHOD_MATCH = YES;
				CODE_SIGN_IDENTITY = "iPhone Developer";
				COPY_PHASE_STRIP = NO;
				DEBUG_INFORMATION_FORMAT = "dwarf-with-dsym";
				ENABLE_NS_ASSERTIONS = NO;
				ENABLE_STRICT_OBJC_MSGSEND = YES;
				GCC_C_LANGUAGE_STANDARD = gnu11;
				GCC_NO_COMMON_BLOCKS = YES;
				GCC_WARN_64_TO_32_BIT_CONVERSION = YES;
				GCC_WARN_ABOUT_RETURN_TYPE = YES_ERROR;
				GCC_WARN_UNDECLARED_SELECTOR = YES;
				GCC_WARN_UNINITIALIZED_AUTOS = YES_AGGRESSIVE;
				GCC_WARN_UNUSED_FUNCTION = YES;
				GCC_WARN_UNUSED_VARIABLE = YES;
				IPHONEOS_DEPLOYMENT_TARGET = 12.2;
				MTL_ENABLE_DEBUG_INFO = NO;
				MTL_FAST_MATH = YES;
				SDKROOT = iphoneos;
				SWIFT_COMPILATION_MODE = wholemodule;
				SWIFT_OPTIMIZATION_LEVEL = "-O";
				VALIDATE_PRODUCT = YES;
			};
			name = Release;
		};
		02284B0A22BAB46600625D3C /* Debug */ = {
			isa = XCBuildConfiguration;
			buildSettings = {
				ASSETCATALOG_COMPILER_APPICON_NAME = AppIcon;
				CODE_SIGN_STYLE = Automatic;
				DEVELOPMENT_TEAM = D2UWPK9YJ4;
				INFOPLIST_FILE = CoreMotionReporter/Info.plist;
				LD_RUNPATH_SEARCH_PATHS = (
					"$(inherited)",
					"@executable_path/Frameworks",
				);
				PRODUCT_BUNDLE_IDENTIFIER = com.ontometrics.CoreMotionReporter;
				PRODUCT_NAME = "$(TARGET_NAME)";
				SWIFT_VERSION = 5.0;
				TARGETED_DEVICE_FAMILY = "1,2";
			};
			name = Debug;
		};
		02284B0B22BAB46600625D3C /* Release */ = {
			isa = XCBuildConfiguration;
			buildSettings = {
				ASSETCATALOG_COMPILER_APPICON_NAME = AppIcon;
				CODE_SIGN_STYLE = Automatic;
				DEVELOPMENT_TEAM = D2UWPK9YJ4;
				INFOPLIST_FILE = CoreMotionReporter/Info.plist;
				LD_RUNPATH_SEARCH_PATHS = (
					"$(inherited)",
					"@executable_path/Frameworks",
				);
				PRODUCT_BUNDLE_IDENTIFIER = com.ontometrics.CoreMotionReporter;
				PRODUCT_NAME = "$(TARGET_NAME)";
				SWIFT_VERSION = 5.0;
				TARGETED_DEVICE_FAMILY = "1,2";
			};
			name = Release;
		};
		02284B0D22BAB46600625D3C /* Debug */ = {
			isa = XCBuildConfiguration;
			buildSettings = {
				ALWAYS_EMBED_SWIFT_STANDARD_LIBRARIES = YES;
				BUNDLE_LOADER = "$(TEST_HOST)";
				CODE_SIGN_STYLE = Automatic;
				DEVELOPMENT_TEAM = D2UWPK9YJ4;
				INFOPLIST_FILE = CoreMotionReporterTests/Info.plist;
				LD_RUNPATH_SEARCH_PATHS = (
					"$(inherited)",
					"@executable_path/Frameworks",
					"@loader_path/Frameworks",
				);
				PRODUCT_BUNDLE_IDENTIFIER = com.ontometrics.CoreMotionReporterTests;
				PRODUCT_NAME = "$(TARGET_NAME)";
				SWIFT_VERSION = 5.0;
				TARGETED_DEVICE_FAMILY = "1,2";
				TEST_HOST = "$(BUILT_PRODUCTS_DIR)/CoreMotionReporter.app/CoreMotionReporter";
			};
			name = Debug;
		};
		02284B0E22BAB46600625D3C /* Release */ = {
			isa = XCBuildConfiguration;
			buildSettings = {
				ALWAYS_EMBED_SWIFT_STANDARD_LIBRARIES = YES;
				BUNDLE_LOADER = "$(TEST_HOST)";
				CODE_SIGN_STYLE = Automatic;
				DEVELOPMENT_TEAM = D2UWPK9YJ4;
				INFOPLIST_FILE = CoreMotionReporterTests/Info.plist;
				LD_RUNPATH_SEARCH_PATHS = (
					"$(inherited)",
					"@executable_path/Frameworks",
					"@loader_path/Frameworks",
				);
				PRODUCT_BUNDLE_IDENTIFIER = com.ontometrics.CoreMotionReporterTests;
				PRODUCT_NAME = "$(TARGET_NAME)";
				SWIFT_VERSION = 5.0;
				TARGETED_DEVICE_FAMILY = "1,2";
				TEST_HOST = "$(BUILT_PRODUCTS_DIR)/CoreMotionReporter.app/CoreMotionReporter";
			};
			name = Release;
		};
		02284B1022BAB46600625D3C /* Debug */ = {
			isa = XCBuildConfiguration;
			buildSettings = {
				ALWAYS_EMBED_SWIFT_STANDARD_LIBRARIES = YES;
				CODE_SIGN_STYLE = Automatic;
				DEVELOPMENT_TEAM = D2UWPK9YJ4;
				INFOPLIST_FILE = CoreMotionReporterUITests/Info.plist;
				LD_RUNPATH_SEARCH_PATHS = (
					"$(inherited)",
					"@executable_path/Frameworks",
					"@loader_path/Frameworks",
				);
				PRODUCT_BUNDLE_IDENTIFIER = com.ontometrics.CoreMotionReporterUITests;
				PRODUCT_NAME = "$(TARGET_NAME)";
				SWIFT_VERSION = 5.0;
				TARGETED_DEVICE_FAMILY = "1,2";
				TEST_TARGET_NAME = CoreMotionReporter;
			};
			name = Debug;
		};
		02284B1122BAB46600625D3C /* Release */ = {
			isa = XCBuildConfiguration;
			buildSettings = {
				ALWAYS_EMBED_SWIFT_STANDARD_LIBRARIES = YES;
				CODE_SIGN_STYLE = Automatic;
				DEVELOPMENT_TEAM = D2UWPK9YJ4;
				INFOPLIST_FILE = CoreMotionReporterUITests/Info.plist;
				LD_RUNPATH_SEARCH_PATHS = (
					"$(inherited)",
					"@executable_path/Frameworks",
					"@loader_path/Frameworks",
				);
				PRODUCT_BUNDLE_IDENTIFIER = com.ontometrics.CoreMotionReporterUITests;
				PRODUCT_NAME = "$(TARGET_NAME)";
				SWIFT_VERSION = 5.0;
				TARGETED_DEVICE_FAMILY = "1,2";
				TEST_TARGET_NAME = CoreMotionReporter;
			};
			name = Release;
		};
/* End XCBuildConfiguration section */

/* Begin XCConfigurationList section */
		02284ADC22BAB46300625D3C /* Build configuration list for PBXProject "CoreMotionReporter" */ = {
			isa = XCConfigurationList;
			buildConfigurations = (
				02284B0722BAB46600625D3C /* Debug */,
				02284B0822BAB46600625D3C /* Release */,
			);
			defaultConfigurationIsVisible = 0;
			defaultConfigurationName = Release;
		};
		02284B0922BAB46600625D3C /* Build configuration list for PBXNativeTarget "CoreMotionReporter" */ = {
			isa = XCConfigurationList;
			buildConfigurations = (
				02284B0A22BAB46600625D3C /* Debug */,
				02284B0B22BAB46600625D3C /* Release */,
			);
			defaultConfigurationIsVisible = 0;
			defaultConfigurationName = Release;
		};
		02284B0C22BAB46600625D3C /* Build configuration list for PBXNativeTarget "CoreMotionReporterTests" */ = {
			isa = XCConfigurationList;
			buildConfigurations = (
				02284B0D22BAB46600625D3C /* Debug */,
				02284B0E22BAB46600625D3C /* Release */,
			);
			defaultConfigurationIsVisible = 0;
			defaultConfigurationName = Release;
		};
		02284B0F22BAB46600625D3C /* Build configuration list for PBXNativeTarget "CoreMotionReporterUITests" */ = {
			isa = XCConfigurationList;
			buildConfigurations = (
				02284B1022BAB46600625D3C /* Debug */,
				02284B1122BAB46600625D3C /* Release */,
			);
			defaultConfigurationIsVisible = 0;
			defaultConfigurationName = Release;
		};
/* End XCConfigurationList section */
	};
	rootObject = 02284AD922BAB46300625D3C /* Project object */;
}
